<?xml version="1.0" encoding="utf-8"?>
<Project ToolsVersion="4.0" xmlns="http://schemas.microsoft.com/developer/msbuild/2003">
  <ItemGroup>
    <Filter Include="Library">
      <UniqueIdentifier>{d5173dcf-2786-4f98-bd55-d03549637dfe}</UniqueIdentifier>
    </Filter>
    <Filter Include="Src">
      <UniqueIdentifier>{80d0a5a9-6779-4863-bede-cc22a4986dc5}</UniqueIdentifier>
    </Filter>
    <Filter Include="Src\System">
      <UniqueIdentifier>{f5928314-3ee2-4e39-abfa-d93aa9ee5891}</UniqueIdentifier>
    </Filter>
    <Filter Include="Src\System\Direct3D">
      <UniqueIdentifier>{f193abd5-e51c-466e-a937-722bc9175e9a}</UniqueIdentifier>
    </Filter>
    <Filter Include="Src\System\Utility">
      <UniqueIdentifier>{f5d733b1-5031-4659-a9d4-0dd3add1e5fb}</UniqueIdentifier>
    </Filter>
    <Filter Include="Src\System\Window">
      <UniqueIdentifier>{cb022f2a-c5a2-449b-9b70-5110aff8550f}</UniqueIdentifier>
    </Filter>
    <Filter Include="Library\imgui">
      <UniqueIdentifier>{85e2ada7-3d34-4892-b70a-8b9a433f7438}</UniqueIdentifier>
    </Filter>
    <Filter Include="Library\tinygltf">
      <UniqueIdentifier>{307bfbcd-124f-4ad7-85f5-3fd94f814b1f}</UniqueIdentifier>
    </Filter>
    <Filter Include="Src\System\Shader">
      <UniqueIdentifier>{93543c0c-58fe-4a94-8279-7be3021b65b1}</UniqueIdentifier>
    </Filter>
    <Filter Include="Src\System\Shader\EffectShader">
      <UniqueIdentifier>{3ed945a9-befa-4db2-b780-7714e82626ed}</UniqueIdentifier>
    </Filter>
    <Filter Include="Src\System\Shader\SpriteShader">
      <UniqueIdentifier>{2da4d471-f4e8-4b2d-bdef-b93f91523b8b}</UniqueIdentifier>
    </Filter>
    <Filter Include="Src\System\Shader\StandardShader">
      <UniqueIdentifier>{0a93a6dd-bb60-46dc-820f-6aea10b3b02f}</UniqueIdentifier>
    </Filter>
    <Filter Include="Src\Application">
      <UniqueIdentifier>{d0d0f9cf-dabd-4346-bc9a-d9c04cf42372}</UniqueIdentifier>
    </Filter>
    <Filter Include="Src\System\Audio">
      <UniqueIdentifier>{667d1cb1-5ae5-476f-acd5-14b7d294a95a}</UniqueIdentifier>
    </Filter>
    <Filter Include="Src\Application\Object">
      <UniqueIdentifier>{dd658d64-1632-4ebb-ae5b-db3cc486c716}</UniqueIdentifier>
    </Filter>
    <Filter Include="Src\Application\Object\Player">
      <UniqueIdentifier>{ea77aeaa-d548-42e8-865a-cf1c2e5d5da0}</UniqueIdentifier>
    </Filter>
    <Filter Include="Src\Application\Object\Enemy">
      <UniqueIdentifier>{8be5c471-ae5c-4bf2-806d-1f7f898207e7}</UniqueIdentifier>
    </Filter>
    <Filter Include="Src\Application\Scene">
      <UniqueIdentifier>{b28096cc-86b1-475e-b072-4ba5e1837cf2}</UniqueIdentifier>
    </Filter>
    <Filter Include="Src\Application\Object\Bullet">
      <UniqueIdentifier>{6b82e305-69d6-49e8-bcbe-911dd1fb04a4}</UniqueIdentifier>
    </Filter>
    <Filter Include="Src\Application\Object\Skill">
      <UniqueIdentifier>{b78c5437-65d0-40a0-91a3-185401f90395}</UniqueIdentifier>
    </Filter>
    <Filter Include="Src\Application\Object\Effect">
      <UniqueIdentifier>{96e3a229-69c0-494d-9913-bc81cbe8adcf}</UniqueIdentifier>
    </Filter>
    <Filter Include="Src\Application\Concept">
      <UniqueIdentifier>{a9702207-f549-4382-9c6d-3d87643d6afc}</UniqueIdentifier>
    </Filter>
    <Filter Include="Src\Application\Object\Bullet\BulletType">
      <UniqueIdentifier>{dd1987c8-c7a4-4003-b2f2-c98a7ca99bf8}</UniqueIdentifier>
    </Filter>
    <Filter Include="Src\Application\Object\Background">
      <UniqueIdentifier>{c9898785-5ff5-4ece-b465-ada71cb9d39c}</UniqueIdentifier>
    </Filter>
    <Filter Include="Src\Application\Object\Background\Space">
      <UniqueIdentifier>{245eabde-a5cd-4208-b114-c135212b5e16}</UniqueIdentifier>
    </Filter>
    <Filter Include="Src\Application\Object\Background\Cloud">
      <UniqueIdentifier>{46defc01-b8f0-4808-9833-8085270b53d6}</UniqueIdentifier>
    </Filter>
    <Filter Include="Src\Application\Object\Background\Abyss">
      <UniqueIdentifier>{4d29de2d-69a2-422c-8e81-374189da549b}</UniqueIdentifier>
    </Filter>
    <Filter Include="Src\Application\Object\Animation">
      <UniqueIdentifier>{c5787d5e-877b-419a-b2da-591dfd84b151}</UniqueIdentifier>
    </Filter>
  </ItemGroup>
  <ItemGroup>
    <ClInclude Include="src\Pch.h">
      <Filter>Src</Filter>
    </ClInclude>
    <ClInclude Include="..\Library\imgui\imconfig.h">
      <Filter>Library\imgui</Filter>
    </ClInclude>
    <ClInclude Include="..\Library\imgui\imgui.h">
      <Filter>Library\imgui</Filter>
    </ClInclude>
    <ClInclude Include="..\Library\imgui\imgui_impl_dx11.h">
      <Filter>Library\imgui</Filter>
    </ClInclude>
    <ClInclude Include="..\Library\imgui\imgui_impl_win32.h">
      <Filter>Library\imgui</Filter>
    </ClInclude>
    <ClInclude Include="..\Library\imgui\imgui_internal.h">
      <Filter>Library\imgui</Filter>
    </ClInclude>
    <ClInclude Include="..\Library\imgui\imstb_rectpack.h">
      <Filter>Library\imgui</Filter>
    </ClInclude>
    <ClInclude Include="..\Library\imgui\imstb_textedit.h">
      <Filter>Library\imgui</Filter>
    </ClInclude>
    <ClInclude Include="..\Library\imgui\imstb_truetype.h">
      <Filter>Library\imgui</Filter>
    </ClInclude>
    <ClInclude Include="..\Library\imgui\ja_glyph_ranges.h">
      <Filter>Library\imgui</Filter>
    </ClInclude>
    <ClInclude Include="..\Library\tinygltf\json.hpp">
      <Filter>Library\tinygltf</Filter>
    </ClInclude>
    <ClInclude Include="..\Library\tinygltf\stb_image.h">
      <Filter>Library\tinygltf</Filter>
    </ClInclude>
    <ClInclude Include="..\Library\tinygltf\stb_image_write.h">
      <Filter>Library\tinygltf</Filter>
    </ClInclude>
    <ClInclude Include="..\Library\tinygltf\tiny_gltf.h">
      <Filter>Library\tinygltf</Filter>
    </ClInclude>
    <ClInclude Include="Src\Application\main.h">
      <Filter>Src\Application</Filter>
    </ClInclude>
    <ClInclude Include="src\System\Direct3D\KdDirect3D.h">
      <Filter>Src\System\Direct3D</Filter>
    </ClInclude>
    <ClInclude Include="src\System\Direct3D\KdModel.h">
      <Filter>Src\System\Direct3D</Filter>
    </ClInclude>
    <ClInclude Include="src\System\Direct3D\KdTexture.h">
      <Filter>Src\System\Direct3D</Filter>
    </ClInclude>
    <ClInclude Include="src\System\Direct3D\KdBuffer.h">
      <Filter>Src\System\Direct3D</Filter>
    </ClInclude>
    <ClInclude Include="Src\System\Direct3D\KdDirect3DHelper.h">
      <Filter>Src\System\Direct3D</Filter>
    </ClInclude>
    <ClInclude Include="Src\System\Audio\KdAudio.h">
      <Filter>Src\System\Audio</Filter>
    </ClInclude>
    <ClInclude Include="Src\System\Direct3D\KdGLTFLoader.h">
      <Filter>Src\System\Direct3D</Filter>
    </ClInclude>
    <ClInclude Include="Src\System\Shader\KdShaderManager.h">
      <Filter>Src\System\Shader</Filter>
    </ClInclude>
    <ClInclude Include="Src\System\Shader\EffectShader\KdEffectShader.h">
      <Filter>Src\System\Shader\EffectShader</Filter>
    </ClInclude>
    <ClInclude Include="Src\System\Shader\SpriteShader\KdSpriteShader.h">
      <Filter>Src\System\Shader\SpriteShader</Filter>
    </ClInclude>
    <ClInclude Include="Src\System\Shader\StandardShader\KdStandardShader.h">
      <Filter>Src\System\Shader\StandardShader</Filter>
    </ClInclude>
    <ClInclude Include="src\System\Utility\KdUtility.h">
      <Filter>Src\System\Utility</Filter>
    </ClInclude>
    <ClInclude Include="src\System\Window\KdGameWindow.h">
      <Filter>Src\System\Window</Filter>
    </ClInclude>
    <ClInclude Include="src\System\KdSystem.h">
      <Filter>Src\System</Filter>
    </ClInclude>
    <ClInclude Include="..\Library\strconv.h">
      <Filter>Library</Filter>
    </ClInclude>
    <ClInclude Include="Src\Application\Scene.h">
      <Filter>Src\Application</Filter>
    </ClInclude>
    <ClInclude Include="Src\Application\Object\BaseObject.h">
      <Filter>Src\Application\Object</Filter>
    </ClInclude>
    <ClInclude Include="Src\Application\Object\Player\Player.h">
      <Filter>Src\Application\Object\Player</Filter>
    </ClInclude>
    <ClInclude Include="Src\Application\Object\Enemy\Enemy.h">
      <Filter>Src\Application\Object\Enemy</Filter>
    </ClInclude>
    <ClInclude Include="Src\Application\Scene\GameScene.h">
      <Filter>Src\Application\Scene</Filter>
    </ClInclude>
    <ClInclude Include="Src\Application\Object\Skill\SkillManager.h">
      <Filter>Src\Application\Object\Skill</Filter>
    </ClInclude>
    <ClInclude Include="Src\Application\Object\Skill\SkillGauge.h">
      <Filter>Src\Application\Object\Skill</Filter>
    </ClInclude>
    <ClInclude Include="Src\Application\Object\Bullet\Bullet.h">
      <Filter>Src\Application\Object\Bullet</Filter>
    </ClInclude>
    <ClInclude Include="Src\Application\Object\Effect\DamageEffect.h">
      <Filter>Src\Application\Object\Effect</Filter>
    </ClInclude>
    <ClInclude Include="Src\Application\Concept\define.h">
      <Filter>Src\Application\Concept</Filter>
    </ClInclude>
    <ClInclude Include="Src\Application\Concept\DamageCalculation.h">
      <Filter>Src\Application\Concept</Filter>
    </ClInclude>
    <ClInclude Include="Src\Application\Object\Bullet\MoveStrategy.h">
      <Filter>Src\Application\Object\Bullet</Filter>
    </ClInclude>
    <ClInclude Include="Src\Application\Object\Bullet\BulletType\MoveHoming.h">
      <Filter>Src\Application\Object\Bullet\BulletType</Filter>
    </ClInclude>
    <ClInclude Include="Src\Application\Object\Bullet\BulletType\MoveWave.h">
      <Filter>Src\Application\Object\Bullet\BulletType</Filter>
    </ClInclude>
    <ClInclude Include="Src\Application\Object\Background\BackgroundBase.h">
      <Filter>Src\Application\Object\Background</Filter>
    </ClInclude>
    <ClInclude Include="Src\Application\Object\Background\Space\SpaceBackground.h">
      <Filter>Src\Application\Object\Background\Space</Filter>
    </ClInclude>
    <ClInclude Include="Src\Application\Object\Background\Cloud\CloudBackground.h">
      <Filter>Src\Application\Object\Background\Cloud</Filter>
    </ClInclude>
    <ClInclude Include="Src\Application\Object\Background\Abyss\AbyssBackground.h">
      <Filter>Src\Application\Object\Background\Abyss</Filter>
    </ClInclude>
    <ClInclude Include="Src\Application\Object\Animation\explosion.h">
      <Filter>Src\Application\Object\Animation</Filter>
    </ClInclude>
    <ClInclude Include="Src\Application\Object\Bullet\BulletType\MoveUltimate.h">
      <Filter>Src\Application\Object\Bullet\BulletType</Filter>
    </ClInclude>
    <ClInclude Include="Src\Application\Scene\SceneManager.h">
      <Filter>Src\Application\Scene</Filter>
    </ClInclude>
    <ClInclude Include="Src\Application\Scene\TitleScene.h">
      <Filter>Src\Application\Scene</Filter>
    </ClInclude>
    <ClInclude Include="Src\Application\Scene\ResultScene.h">
      <Filter>Src\Application\Scene</Filter>
    </ClInclude>
    <ClInclude Include="Src\Application\Scene\BaseScene.h">
      <Filter>Src\Application\Scene</Filter>
    </ClInclude>
    <ClInclude Include="Src\Application\Object\Enemy\EnemyDeathAnim.h">
      <Filter>Src\Application\Object\Enemy</Filter>
    </ClInclude>
  </ItemGroup>
  <ItemGroup>
    <ClCompile Include="src\Pch.cpp">
      <Filter>Src</Filter>
    </ClCompile>
    <ClCompile Include="..\Library\imgui\imgui.cpp">
      <Filter>Library\imgui</Filter>
    </ClCompile>
    <ClCompile Include="..\Library\imgui\imgui_demo.cpp">
      <Filter>Library\imgui</Filter>
    </ClCompile>
    <ClCompile Include="..\Library\imgui\imgui_draw.cpp">
      <Filter>Library\imgui</Filter>
    </ClCompile>
    <ClCompile Include="..\Library\imgui\imgui_impl_dx11.cpp">
      <Filter>Library\imgui</Filter>
    </ClCompile>
    <ClCompile Include="..\Library\imgui\imgui_impl_win32.cpp">
      <Filter>Library\imgui</Filter>
    </ClCompile>
    <ClCompile Include="..\Library\imgui\imgui_widgets.cpp">
      <Filter>Library\imgui</Filter>
    </ClCompile>
    <ClCompile Include="Src\Application\main.cpp">
      <Filter>Src\Application</Filter>
    </ClCompile>
    <ClCompile Include="src\System\Direct3D\KdDirect3D.cpp">
      <Filter>Src\System\Direct3D</Filter>
    </ClCompile>
    <ClCompile Include="src\System\Direct3D\KdModel.cpp">
      <Filter>Src\System\Direct3D</Filter>
    </ClCompile>
    <ClCompile Include="src\System\Direct3D\KdTexture.cpp">
      <Filter>Src\System\Direct3D</Filter>
    </ClCompile>
    <ClCompile Include="src\System\Direct3D\KdBuffer.cpp">
      <Filter>Src\System\Direct3D</Filter>
    </ClCompile>
    <ClCompile Include="Src\System\Direct3D\KdDirect3DHelper.cpp">
      <Filter>Src\System\Direct3D</Filter>
    </ClCompile>
    <ClCompile Include="Src\System\Audio\KdAudio.cpp">
      <Filter>Src\System\Audio</Filter>
    </ClCompile>
    <ClCompile Include="Src\System\Direct3D\KdGLTFLoader.cpp">
      <Filter>Src\System\Direct3D</Filter>
    </ClCompile>
    <ClCompile Include="Src\System\Shader\KdShaderManager.cpp">
      <Filter>Src\System\Shader</Filter>
    </ClCompile>
    <ClCompile Include="Src\System\Shader\EffectShader\KdEffectShader.cpp">
      <Filter>Src\System\Shader\EffectShader</Filter>
    </ClCompile>
    <ClCompile Include="Src\System\Shader\SpriteShader\KdSpriteShader.cpp">
      <Filter>Src\System\Shader\SpriteShader</Filter>
    </ClCompile>
    <ClCompile Include="Src\System\Shader\StandardShader\KdStandardShader.cpp">
      <Filter>Src\System\Shader\StandardShader</Filter>
    </ClCompile>
    <ClCompile Include="src\System\Window\KdGameWindow.cpp">
      <Filter>Src\System\Window</Filter>
    </ClCompile>
    <ClCompile Include="Src\Application\Scene.cpp">
      <Filter>Src\Application</Filter>
    </ClCompile>
    <ClCompile Include="Src\Application\Object\BaseObject.cpp">
      <Filter>Src\Application\Object</Filter>
    </ClCompile>
    <ClCompile Include="Src\Application\Object\Player\Player.cpp">
      <Filter>Src\Application\Object\Player</Filter>
    </ClCompile>
    <ClCompile Include="Src\Application\Object\Enemy\Enemy.cpp">
      <Filter>Src\Application\Object\Enemy</Filter>
    </ClCompile>
    <ClCompile Include="Src\Application\Scene\GameScene.cpp">
      <Filter>Src\Application\Scene</Filter>
    </ClCompile>
    <ClCompile Include="Src\Application\Object\Skill\SkillManager.cpp">
      <Filter>Src\Application\Object\Skill</Filter>
    </ClCompile>
    <ClCompile Include="Src\Application\Object\Skill\SkillGauge.cpp">
      <Filter>Src\Application\Object\Skill</Filter>
    </ClCompile>
    <ClCompile Include="Src\Application\Object\Bullet\Bullet.cpp">
      <Filter>Src\Application\Object\Bullet</Filter>
    </ClCompile>
    <ClCompile Include="Src\Application\Object\Effect\DamageEffect.cpp">
      <Filter>Src\Application\Object\Effect</Filter>
    </ClCompile>
    <ClCompile Include="Src\Application\Concept\DamageCalculation.cpp">
      <Filter>Src\Application\Concept</Filter>
    </ClCompile>
    <ClCompile Include="Src\Application\Object\Bullet\MoveStrategy.cpp">
      <Filter>Src\Application\Object\Bullet</Filter>
    </ClCompile>
    <ClCompile Include="Src\Application\Object\Bullet\BulletType\MoveHoming.cpp">
      <Filter>Src\Application\Object\Bullet\BulletType</Filter>
    </ClCompile>
    <ClCompile Include="Src\Application\Object\Bullet\BulletType\MoveWave.cpp">
      <Filter>Src\Application\Object\Bullet\BulletType</Filter>
    </ClCompile>
    <ClCompile Include="Src\Application\Object\Background\BackgroundBase.cpp">
      <Filter>Src\Application\Object\Background</Filter>
    </ClCompile>
    <ClCompile Include="Src\Application\Object\Background\Space\SpaceBackground.cpp">
      <Filter>Src\Application\Object\Background\Space</Filter>
    </ClCompile>
    <ClCompile Include="Src\Application\Object\Background\Cloud\CloudBackground.cpp">
      <Filter>Src\Application\Object\Background\Cloud</Filter>
    </ClCompile>
    <ClCompile Include="Src\Application\Object\Background\Abyss\AbyssBackground.cpp">
      <Filter>Src\Application\Object\Background\Abyss</Filter>
    </ClCompile>
    <ClCompile Include="Src\Application\Object\Animation\explosion.cpp">
      <Filter>Src\Application\Object\Animation</Filter>
    </ClCompile>
    <ClCompile Include="Src\Application\Object\Bullet\BulletType\MoveUltimate.cpp">
      <Filter>Src\Application\Object\Bullet\BulletType</Filter>
    </ClCompile>
    <ClCompile Include="Src\Application\Scene\SceneManager.cpp">
      <Filter>Src\Application\Scene</Filter>
    </ClCompile>
    <ClCompile Include="Src\Application\Scene\TitleScene.cpp">
      <Filter>Src\Application\Scene</Filter>
    </ClCompile>
    <ClCompile Include="Src\Application\Scene\ResultScene.cpp">
      <Filter>Src\Application\Scene</Filter>
    </ClCompile>
    <ClCompile Include="Src\Application\Scene\BaseScene.cpp">
      <Filter>Src\Application\Scene</Filter>
    </ClCompile>
    <ClCompile Include="Src\Application\Object\Enemy\EnemyDeathAnim.cpp">
      <Filter>Src\Application\Object\Enemy</Filter>
    </ClCompile>
  </ItemGroup>
  <ItemGroup>
    <Text Include="説明.txt" />
  </ItemGroup>
  <ItemGroup>
    <None Include="Src\System\Shader\EffectShader\inc_KdEffectShader.hlsli">
      <Filter>Src\System\Shader\EffectShader</Filter>
    </None>
    <None Include="Src\System\Shader\inc_KdCommon.hlsli">
      <Filter>Src\System\Shader</Filter>
    </None>
    <None Include="Src\System\Shader\SpriteShader\inc_KdSpriteShader.hlsli">
      <Filter>Src\System\Shader\SpriteShader</Filter>
    </None>
    <None Include="Src\System\Shader\StandardShader\inc_KdStandardShader.hlsli">
      <Filter>Src\System\Shader\StandardShader</Filter>
    </None>
  </ItemGroup>
  <ItemGroup>
    <FxCompile Include="Src\System\Shader\EffectShader\KdEffectShader_PS.hlsl">
      <Filter>Src\System\Shader\EffectShader</Filter>
    </FxCompile>
    <FxCompile Include="Src\System\Shader\EffectShader\KdEffectShader_VS.hlsl">
      <Filter>Src\System\Shader\EffectShader</Filter>
    </FxCompile>
    <FxCompile Include="Src\System\Shader\SpriteShader\KdSpriteShader_PS.hlsl">
      <Filter>Src\System\Shader\SpriteShader</Filter>
    </FxCompile>
    <FxCompile Include="Src\System\Shader\SpriteShader\KdSpriteShader_VS.hlsl">
      <Filter>Src\System\Shader\SpriteShader</Filter>
    </FxCompile>
    <FxCompile Include="Src\System\Shader\StandardShader\KdStandardShader_PS.hlsl">
      <Filter>Src\System\Shader\StandardShader</Filter>
    </FxCompile>
    <FxCompile Include="Src\System\Shader\StandardShader\KdStandardShader_VS.hlsl">
      <Filter>Src\System\Shader\StandardShader</Filter>
    </FxCompile>
  </ItemGroup>
</Project>